Microsoft Visual Studio Solution File, Format Version 12.00
# Visual Studio Version 17
VisualStudioVersion = 17.5.2.0
MinimumVisualStudioVersion = 10.0.40219.1
Project("{FAE04EC0-301F-11D3-BF4B-00C04F79EFBC}") = "Clase5_jheremy_liceo A_26", "Clase5_jheremy_liceo A_26.csproj", "{5DF25D42-65FF-A754-1174-4057E6A3EA01}"
EndProject
Global
	GlobalSection(SolutionConfigurationPlatforms) = preSolution
		Debug|Any CPU = Debug|Any CPU
		Release|Any CPU = Release|Any CPU
	EndGlobalSection
	GlobalSection(ProjectConfigurationPlatforms) = postSolution
		{5DF25D42-65FF-A754-1174-4057E6A3EA01}.Debug|Any CPU.ActiveCfg = Debug|Any CPU
		{5DF25D42-65FF-A754-1174-4057E6A3EA01}.Debug|Any CPU.Build.0 = Debug|Any CPU
		{5DF25D42-65FF-A754-1174-4057E6A3EA01}.Release|Any CPU.ActiveCfg = Release|Any CPU
		{5DF25D42-65FF-A754-1174-4057E6A3EA01}.Release|Any CPU.Build.0 = Release|Any CPU
	EndGlobalSection
	GlobalSection(SolutionProperties) = preSolution
		HideSolutionNode = FALSE
	EndGlobalSection
	GlobalSection(ExtensibilityGlobals) = postSolution
		SolutionGuid = {4052015C-D55C-47F1-B79B-D8C16604B73B}
	EndGlobalSection
EndGlobal
